
Microsoft Visual Studio Solution File, Format Version 12.00
# Visual Studio Version 16
VisualStudioVersion = 16.0.31205.134
MinimumVisualStudioVersion = 10.0.40219.1
Project("{FAE04EC0-301F-11D3-BF4B-00C04F79EFBC}") = "API", "API\API.csproj", "{5C9BBA30-E15C-4E51-BA49-31DCD06C902B}"
EndProject
Global
	GlobalSection(SolutionConfigurationPlatforms) = preSolution
		Debug|Any CPU = Debug|Any CPU
		Release|Any CPU = Release|Any CPU
	EndGlobalSection
	GlobalSection(ProjectConfigurationPlatforms) = postSolution
		{5C9BBA30-E15C-4E51-BA49-31DCD06C902B}.Debug|Any CPU.ActiveCfg = Debug|Any CPU
		{5C9BBA30-E15C-4E51-BA49-31DCD06C902B}.Debug|Any CPU.Build.0 = Debug|Any CPU
		{5C9BBA30-E15C-4E51-BA49-31DCD06C902B}.Release|Any CPU.ActiveCfg = Release|Any CPU
		{5C9BBA30-E15C-4E51-BA49-31DCD06C902B}.Release|Any CPU.Build.0 = Release|Any CPU
	EndGlobalSection
	GlobalSection(SolutionProperties) = preSolution
		HideSolutionNode = FALSE
	EndGlobalSection
	GlobalSection(ExtensibilityGlobals) = postSolution
		SolutionGuid = {A995E68E-9B7F-4B15-A1E0-8902C24A1728}
	EndGlobalSection
EndGlobal
